
Microsoft Visual Studio Solution File, Format Version 12.00
# Visual Studio Express 2012 for Windows Desktop
Project("{FAE04EC0-301F-11D3-BF4B-00C04F79EFBC}") = "Chess", "Chess\Chess.csproj", "{ACB689F3-BCCB-4491-9453-AF06443A1AF7}"
EndProject
Global
	GlobalSection(SolutionConfigurationPlatforms) = preSolution
		Debug|Any CPU = Debug|Any CPU
		Release|Any CPU = Release|Any CPU
	EndGlobalSection
	GlobalSection(ProjectConfigurationPlatforms) = postSolution
		{ACB689F3-BCCB-4491-9453-AF06443A1AF7}.Debug|Any CPU.ActiveCfg = Debug|Any CPU
		{ACB689F3-BCCB-4491-9453-AF06443A1AF7}.Debug|Any CPU.Build.0 = Debug|Any CPU
		{ACB689F3-BCCB-4491-9453-AF06443A1AF7}.Release|Any CPU.ActiveCfg = Release|Any CPU
		{ACB689F3-BCCB-4491-9453-AF06443A1AF7}.Release|Any CPU.Build.0 = Release|Any CPU
	EndGlobalSection
	GlobalSection(SolutionProperties) = preSolution
		HideSolutionNode = FALSE
	EndGlobalSection
EndGlobal
